
Microsoft Visual Studio Solution File, Format Version 12.00
# Visual Studio 2012
Project("{FAE04EC0-301F-11D3-BF4B-00C04F79EFBC}") = "GroupDocs.Viewer.NewFrontEnd", "GroupDocs.Viewer.NewFrontEnd.csproj", "{FBC96447-5E48-4515-8739-544A9A9FEE43}"
EndProject
Project("{FAE04EC0-301F-11D3-BF4B-00C04F79EFBC}") = "GroupDocs.Viewer.Model", "..\GroupDocs.Viewer.Model\GroupDocs.Viewer.Model.csproj", "{299B0FC2-4D15-42F2-B3B3-2655602D0DF0}"
EndProject
Global
	GlobalSection(SolutionConfigurationPlatforms) = preSolution
		Debug|Any CPU = Debug|Any CPU
		Release|Any CPU = Release|Any CPU
	EndGlobalSection
	GlobalSection(ProjectConfigurationPlatforms) = postSolution
		{FBC96447-5E48-4515-8739-544A9A9FEE43}.Debug|Any CPU.ActiveCfg = Debug|Any CPU
		{FBC96447-5E48-4515-8739-544A9A9FEE43}.Debug|Any CPU.Build.0 = Debug|Any CPU
		{FBC96447-5E48-4515-8739-544A9A9FEE43}.Release|Any CPU.ActiveCfg = Release|Any CPU
		{FBC96447-5E48-4515-8739-544A9A9FEE43}.Release|Any CPU.Build.0 = Release|Any CPU
		{299B0FC2-4D15-42F2-B3B3-2655602D0DF0}.Debug|Any CPU.ActiveCfg = Debug|Any CPU
		{299B0FC2-4D15-42F2-B3B3-2655602D0DF0}.Debug|Any CPU.Build.0 = Debug|Any CPU
		{299B0FC2-4D15-42F2-B3B3-2655602D0DF0}.Release|Any CPU.ActiveCfg = Release|Any CPU
		{299B0FC2-4D15-42F2-B3B3-2655602D0DF0}.Release|Any CPU.Build.0 = Release|Any CPU
	EndGlobalSection
	GlobalSection(SolutionProperties) = preSolution
		HideSolutionNode = FALSE
	EndGlobalSection
EndGlobal
