
Microsoft Visual Studio Solution File, Format Version 12.00
# Visual Studio Version 16
VisualStudioVersion = 16.0.29102.190
MinimumVisualStudioVersion = 10.0.40219.1
Project("{FAE04EC0-301F-11D3-BF4B-00C04F79EFBC}") = "GroupDocs.Viewer.Examples.CSharp", "GroupDocs.Viewer.Examples.CSharp.csproj", "{FE0B7FB6-3D10-4952-9178-EC52E591B3D2}"
EndProject
Global
	GlobalSection(SolutionConfigurationPlatforms) = preSolution
		Debug|Any CPU = Debug|Any CPU
		Release|Any CPU = Release|Any CPU
	EndGlobalSection
	GlobalSection(ProjectConfigurationPlatforms) = postSolution
		{FE0B7FB6-3D10-4952-9178-EC52E591B3D2}.Debug|Any CPU.ActiveCfg = Debug|Any CPU
		{FE0B7FB6-3D10-4952-9178-EC52E591B3D2}.Debug|Any CPU.Build.0 = Debug|Any CPU
		{FE0B7FB6-3D10-4952-9178-EC52E591B3D2}.Release|Any CPU.ActiveCfg = Release|Any CPU
		{FE0B7FB6-3D10-4952-9178-EC52E591B3D2}.Release|Any CPU.Build.0 = Release|Any CPU
	EndGlobalSection
	GlobalSection(SolutionProperties) = preSolution
		HideSolutionNode = FALSE
	EndGlobalSection
	GlobalSection(ExtensibilityGlobals) = postSolution
		SolutionGuid = {2D7B8C4A-482F-41A3-BA12-EB4AB29DAC8E}
	EndGlobalSection
EndGlobal
