
Microsoft Visual Studio Solution File, Format Version 12.00
# Visual Studio 15
VisualStudioVersion = 15.0.28010.2050
MinimumVisualStudioVersion = 10.0.40219.1
Project("{FAE04EC0-301F-11D3-BF4B-00C04F79EFBC}") = "GroupDocs.Viewer.MVC", "src\GroupDocs.Viewer.MVC.csproj", "{A33CA8B0-A193-40A3-A86A-90FF444EE878}"
EndProject
Project("{FAE04EC0-301F-11D3-BF4B-00C04F79EFBC}") = "GroupDocs.Viewer.MVC.Test", "GroupDocs.Viewer.MVC.Test\GroupDocs.Viewer.MVC.Test.csproj", "{C8F2EDB6-BD6C-465F-B59F-2CEA33BD7FE6}"
EndProject
Global
	GlobalSection(SolutionConfigurationPlatforms) = preSolution
		Debug|Any CPU = Debug|Any CPU
		Release|Any CPU = Release|Any CPU
	EndGlobalSection
	GlobalSection(ProjectConfigurationPlatforms) = postSolution
		{A33CA8B0-A193-40A3-A86A-90FF444EE878}.Debug|Any CPU.ActiveCfg = Debug|Any CPU
		{A33CA8B0-A193-40A3-A86A-90FF444EE878}.Debug|Any CPU.Build.0 = Debug|Any CPU
		{A33CA8B0-A193-40A3-A86A-90FF444EE878}.Release|Any CPU.ActiveCfg = Release|Any CPU
		{A33CA8B0-A193-40A3-A86A-90FF444EE878}.Release|Any CPU.Build.0 = Release|Any CPU
		{C8F2EDB6-BD6C-465F-B59F-2CEA33BD7FE6}.Debug|Any CPU.ActiveCfg = Debug|Any CPU
		{C8F2EDB6-BD6C-465F-B59F-2CEA33BD7FE6}.Debug|Any CPU.Build.0 = Debug|Any CPU
		{C8F2EDB6-BD6C-465F-B59F-2CEA33BD7FE6}.Release|Any CPU.ActiveCfg = Release|Any CPU
		{C8F2EDB6-BD6C-465F-B59F-2CEA33BD7FE6}.Release|Any CPU.Build.0 = Release|Any CPU
	EndGlobalSection
	GlobalSection(SolutionProperties) = preSolution
		HideSolutionNode = FALSE
	EndGlobalSection
	GlobalSection(ExtensibilityGlobals) = postSolution
		SolutionGuid = {FD28B4B3-0EF5-4398-BA1B-B9E8B7416368}
	EndGlobalSection
EndGlobal
