
Microsoft Visual Studio Solution File, Format Version 12.00
# Visual Studio Version 17
VisualStudioVersion = 17.3.32922.545
MinimumVisualStudioVersion = 10.0.40219.1
Project("{FAE04EC0-301F-11D3-BF4B-00C04F79EFBC}") = "GroupDocs.Viewer.AspNetWebForms", "GroupDocs.Viewer.AspNetWebForms.csproj", "{2DF2BE92-E5E8-49FC-A73F-6FA0098CCC1E}"
EndProject
Global
	GlobalSection(SolutionConfigurationPlatforms) = preSolution
		Debug|Any CPU = Debug|Any CPU
		Release|Any CPU = Release|Any CPU
	EndGlobalSection
	GlobalSection(ProjectConfigurationPlatforms) = postSolution
		{2DF2BE92-E5E8-49FC-A73F-6FA0098CCC1E}.Debug|Any CPU.ActiveCfg = Debug|Any CPU
		{2DF2BE92-E5E8-49FC-A73F-6FA0098CCC1E}.Debug|Any CPU.Build.0 = Debug|Any CPU
		{2DF2BE92-E5E8-49FC-A73F-6FA0098CCC1E}.Release|Any CPU.ActiveCfg = Release|Any CPU
		{2DF2BE92-E5E8-49FC-A73F-6FA0098CCC1E}.Release|Any CPU.Build.0 = Release|Any CPU
	EndGlobalSection
	GlobalSection(SolutionProperties) = preSolution
		HideSolutionNode = FALSE
	EndGlobalSection
	GlobalSection(ExtensibilityGlobals) = postSolution
		SolutionGuid = {02912FFE-6C67-4F40-8BC6-B9B4B9118495}
	EndGlobalSection
EndGlobal
