
Microsoft Visual Studio Solution File, Format Version 12.00
# Visual Studio 2012
Project("{FAE04EC0-301F-11D3-BF4B-00C04F79EFBC}") = "GroupDocs.Viewer.WebForm.FrontEnd", "GroupDocs.Viewer.WebForm.FrontEnd\GroupDocs.Viewer.WebForm.FrontEnd.csproj", "{08BC6A17-943A-4193-BBA9-076A8230BDAB}"
EndProject
Global
	GlobalSection(SolutionConfigurationPlatforms) = preSolution
		Debug|Any CPU = Debug|Any CPU
		Release|Any CPU = Release|Any CPU
	EndGlobalSection
	GlobalSection(ProjectConfigurationPlatforms) = postSolution
		{08BC6A17-943A-4193-BBA9-076A8230BDAB}.Debug|Any CPU.ActiveCfg = Debug|Any CPU
		{08BC6A17-943A-4193-BBA9-076A8230BDAB}.Debug|Any CPU.Build.0 = Debug|Any CPU
		{08BC6A17-943A-4193-BBA9-076A8230BDAB}.Release|Any CPU.ActiveCfg = Release|Any CPU
		{08BC6A17-943A-4193-BBA9-076A8230BDAB}.Release|Any CPU.Build.0 = Release|Any CPU
	EndGlobalSection
	GlobalSection(SolutionProperties) = preSolution
		HideSolutionNode = FALSE
	EndGlobalSection
EndGlobal
