
Microsoft Visual Studio Solution File, Format Version 12.00
# Visual Studio Version 17
VisualStudioVersion = 17.5.33516.290
MinimumVisualStudioVersion = 10.0.40219.1
Project("{9A19103F-16F7-4668-BE54-9A1E7A4F7556}") = "GroupDocs.Viewer.WPF", "GroupDocs.Viewer.WPF.csproj", "{ECAF944D-AF76-4AB6-8ED3-B866233A4F2E}"
EndProject
Global
	GlobalSection(SolutionConfigurationPlatforms) = preSolution
		Debug|Any CPU = Debug|Any CPU
		Release|Any CPU = Release|Any CPU
	EndGlobalSection
	GlobalSection(ProjectConfigurationPlatforms) = postSolution
		{ECAF944D-AF76-4AB6-8ED3-B866233A4F2E}.Debug|Any CPU.ActiveCfg = Debug|Any CPU
		{ECAF944D-AF76-4AB6-8ED3-B866233A4F2E}.Debug|Any CPU.Build.0 = Debug|Any CPU
		{ECAF944D-AF76-4AB6-8ED3-B866233A4F2E}.Release|Any CPU.ActiveCfg = Release|Any CPU
		{ECAF944D-AF76-4AB6-8ED3-B866233A4F2E}.Release|Any CPU.Build.0 = Release|Any CPU
	EndGlobalSection
	GlobalSection(SolutionProperties) = preSolution
		HideSolutionNode = FALSE
	EndGlobalSection
	GlobalSection(ExtensibilityGlobals) = postSolution
		SolutionGuid = {49A57389-00EB-4437-93F0-1444096F3048}
	EndGlobalSection
EndGlobal
