
Microsoft Visual Studio Solution File, Format Version 12.00
# Visual Studio 15
VisualStudioVersion = 15.0.28010.2050
MinimumVisualStudioVersion = 10.0.40219.1
Project("{FAE04EC0-301F-11D3-BF4B-00C04F79EFBC}") = "GroupDocs.Viewer.WebForms", "src\GroupDocs.Viewer.WebForms.csproj", "{7B296703-AC7B-4FA6-BD42-BEC76D0C6DDC}"
EndProject
Project("{FAE04EC0-301F-11D3-BF4B-00C04F79EFBC}") = "GroupDocs.Viewer.WebForms.Test", "tests\GroupDocs.Viewer.WebForms.Test\GroupDocs.Viewer.WebForms.Test.csproj", "{C0E13EC1-3C31-4D1C-AD67-A68D228FE8C9}"
EndProject
Global
	GlobalSection(SolutionConfigurationPlatforms) = preSolution
		Debug|Any CPU = Debug|Any CPU
		Release|Any CPU = Release|Any CPU
	EndGlobalSection
	GlobalSection(ProjectConfigurationPlatforms) = postSolution
		{7B296703-AC7B-4FA6-BD42-BEC76D0C6DDC}.Debug|Any CPU.ActiveCfg = Debug|Any CPU
		{7B296703-AC7B-4FA6-BD42-BEC76D0C6DDC}.Debug|Any CPU.Build.0 = Debug|Any CPU
		{7B296703-AC7B-4FA6-BD42-BEC76D0C6DDC}.Release|Any CPU.ActiveCfg = Release|Any CPU
		{7B296703-AC7B-4FA6-BD42-BEC76D0C6DDC}.Release|Any CPU.Build.0 = Release|Any CPU
		{C0E13EC1-3C31-4D1C-AD67-A68D228FE8C9}.Debug|Any CPU.ActiveCfg = Debug|Any CPU
		{C0E13EC1-3C31-4D1C-AD67-A68D228FE8C9}.Debug|Any CPU.Build.0 = Debug|Any CPU
		{C0E13EC1-3C31-4D1C-AD67-A68D228FE8C9}.Release|Any CPU.ActiveCfg = Release|Any CPU
		{C0E13EC1-3C31-4D1C-AD67-A68D228FE8C9}.Release|Any CPU.Build.0 = Release|Any CPU
	EndGlobalSection
	GlobalSection(SolutionProperties) = preSolution
		HideSolutionNode = FALSE
	EndGlobalSection
	GlobalSection(ExtensibilityGlobals) = postSolution
		SolutionGuid = {09183FBD-9D9E-4AAF-A5BC-EEAE3C37023A}
	EndGlobalSection
EndGlobal
